{
	"name": "@tinkoff/request-plugin-cache-fallback",
	"version": "1.0.0",
	"lockfileVersion": 1,
	"requires": true,
	"dependencies": {
		"@tinkoff/utils": {
			"version": "1.0.2",
			"resolved": "https://registry.npmjs.org/@tinkoff/utils/-/utils-1.0.2.tgz",
			"integrity": "sha512-ETq+XuWdRkTTNE/Nq8DY0dt+NcuPVbrRZknLFiUNzPEhdoO3alV6QqCp/R+5v74pi1CPud8vPvTkpRUbI1eWZQ=="
		},
		"@types/node": {
			"version": "10.12.0",
			"resolved": "https://registry.npmjs.org/@types/node/-/node-10.12.0.tgz",
			"integrity": "sha512-3TUHC3jsBAB7qVRGxT6lWyYo2v96BMmD2PTcl47H25Lu7UXtFH/2qqmKiVrnel6Ne//0TFYf6uvNX+HW2FRkLQ==",
			"dev": true
		},
		"is": {
			"version": "0.2.7",
			"resolved": "http://registry.npmjs.org/is/-/is-0.2.7.tgz",
			"integrity": "sha1-OzSixI81mXLzUEKEkZOucmS2NWI="
		},
		"mkdirp-no-bin": {
			"version": "0.5.1",
			"resolved": "https://registry.npmjs.org/mkdirp-no-bin/-/mkdirp-no-bin-0.5.1.tgz",
			"integrity": "sha1-NMYjGW02+y7i5WGrYHMFYy4AYZ8="
		},
		"node.extend": {
			"version": "1.0.8",
			"resolved": "https://registry.npmjs.org/node.extend/-/node.extend-1.0.8.tgz",
			"integrity": "sha1-urBDefc4P0WHmQyd8Htqf2Xbdys=",
			"requires": {
				"is": "~0.2.6",
				"object-keys": "~0.4.0"
			}
		},
		"node.flow": {
			"version": "1.2.3",
			"resolved": "https://registry.npmjs.org/node.flow/-/node.flow-1.2.3.tgz",
			"integrity": "sha1-4cRKgq7KjXi0WKd/s9xkLy66Jkk=",
			"requires": {
				"node.extend": "1.0.8"
			}
		},
		"object-keys": {
			"version": "0.4.0",
			"resolved": "https://registry.npmjs.org/object-keys/-/object-keys-0.4.0.tgz",
			"integrity": "sha1-KKaq50KN0sOpLz2V8hM13SBOAzY="
		},
		"persistent-cache": {
			"version": "1.1.1",
			"resolved": "https://registry.npmjs.org/persistent-cache/-/persistent-cache-1.1.1.tgz",
			"integrity": "sha1-ndiBPghcSrowmHsI4RqcqGpipUw=",
			"requires": {
				"mkdirp-no-bin": "^0.5.1",
				"rmdir": "^1.2.0"
			}
		},
		"rmdir": {
			"version": "1.2.0",
			"resolved": "https://registry.npmjs.org/rmdir/-/rmdir-1.2.0.tgz",
			"integrity": "sha1-T+A1fLBhaMJY5z6WgJPcTooPMlM=",
			"requires": {
				"node.flow": "1.2.3"
			}
		}
	}
}
