{
	"name": "@tinkoff/request-cache-utils",
	"version": "1.0.0",
	"lockfileVersion": 1,
	"requires": true,
	"dependencies": {
		"@tinkoff/utils": {
			"version": "1.0.2",
			"resolved": "https://registry.npmjs.org/@tinkoff/utils/-/utils-1.0.2.tgz",
			"integrity": "sha512-ETq+XuWdRkTTNE/Nq8DY0dt+NcuPVbrRZknLFiUNzPEhdoO3alV6QqCp/R+5v74pi1CPud8vPvTkpRUbI1eWZQ=="
		},
		"@types/spark-md5": {
			"version": "3.0.1",
			"resolved": "https://registry.npmjs.org/@types/spark-md5/-/spark-md5-3.0.1.tgz",
			"integrity": "sha512-sjiWYRmuuFZMo/DdysQe/yX6x40Q0WZXsNgvbUIg7gUaQYNoXx4CqWq27rDikQyc+0JKkqsoNiIBAA0GUxbUXw==",
			"dev": true
		},
		"spark-md5": {
			"version": "3.0.0",
			"resolved": "https://registry.npmjs.org/spark-md5/-/spark-md5-3.0.0.tgz",
			"integrity": "sha1-NyIifFTi+vJLHcbZM8wUTm9xv+8="
		}
	}
}
