{
	"name": "@tinkoff/request-plugin-cache-memory",
	"version": "1.0.0",
	"lockfileVersion": 1,
	"requires": true,
	"dependencies": {
		"@tinkoff/utils": {
			"version": "1.0.2",
			"resolved": "https://registry.npmjs.org/@tinkoff/utils/-/utils-1.0.2.tgz",
			"integrity": "sha512-ETq+XuWdRkTTNE/Nq8DY0dt+NcuPVbrRZknLFiUNzPEhdoO3alV6QqCp/R+5v74pi1CPud8vPvTkpRUbI1eWZQ=="
		},
		"lru-cache": {
			"version": "4.1.3",
			"resolved": "https://registry.npmjs.org/lru-cache/-/lru-cache-4.1.3.tgz",
			"integrity": "sha512-fFEhvcgzuIoJVUF8fYr5KR0YqxD238zgObTps31YdADwPPAp82a4M8TrckkWyx7ekNlf9aBcVn81cFwwXngrJA==",
			"requires": {
				"pseudomap": "^1.0.2",
				"yallist": "^2.1.2"
			}
		},
		"pseudomap": {
			"version": "1.0.2",
			"resolved": "https://registry.npmjs.org/pseudomap/-/pseudomap-1.0.2.tgz",
			"integrity": "sha1-8FKijacOYYkX7wqKw0wa5aaChrM="
		},
		"yallist": {
			"version": "2.1.2",
			"resolved": "https://registry.npmjs.org/yallist/-/yallist-2.1.2.tgz",
			"integrity": "sha1-HBH5IY8HYImkfdUS+TxmmaaoHVI="
		}
	}
}
